
Microsoft Visual Studio Solution File, Format Version 12.00
# Visual Studio Version 16
VisualStudioVersion = 16.0.29020.237
MinimumVisualStudioVersion = 10.0.40219.1
Project("{9A19103F-16F7-4668-BE54-9A1E7A4F7556}") = "Marvin.IDP", "Marvin.IDP.csproj", "{4E0DC6EC-D3D3-480C-B28F-7BBB718B60B2}"
EndProject
Global
	GlobalSection(SolutionConfigurationPlatforms) = preSolution
		Debug|Any CPU = Debug|Any CPU
		Release|Any CPU = Release|Any CPU
	EndGlobalSection
	GlobalSection(ProjectConfigurationPlatforms) = postSolution
		{4E0DC6EC-D3D3-480C-B28F-7BBB718B60B2}.Debug|Any CPU.ActiveCfg = Debug|Any CPU
		{4E0DC6EC-D3D3-480C-B28F-7BBB718B60B2}.Debug|Any CPU.Build.0 = Debug|Any CPU
		{4E0DC6EC-D3D3-480C-B28F-7BBB718B60B2}.Release|Any CPU.ActiveCfg = Release|Any CPU
		{4E0DC6EC-D3D3-480C-B28F-7BBB718B60B2}.Release|Any CPU.Build.0 = Release|Any CPU
	EndGlobalSection
	GlobalSection(SolutionProperties) = preSolution
		HideSolutionNode = FALSE
	EndGlobalSection
	GlobalSection(ExtensibilityGlobals) = postSolution
		SolutionGuid = {3B1C0E26-228C-4A13-8CB7-4673C89A6043}
	EndGlobalSection
EndGlobal
